Microsoft Visual Studio Solution File, Format Version 12.00
# Visual Studio Version 17
VisualStudioVersion = 17.5.2.0
MinimumVisualStudioVersion = 10.0.40219.1
Project("{FAE04EC0-301F-11D3-BF4B-00C04F79EFBC}") = "DailyDashboard", "DailyDashboard.csproj", "{A33FA447-1B86-B451-A727-81318CC7D1EC}"
EndProject
Global
	GlobalSection(SolutionConfigurationPlatforms) = preSolution
		Debug|Any CPU = Debug|Any CPU
		Release|Any CPU = Release|Any CPU
	EndGlobalSection
	GlobalSection(ProjectConfigurationPlatforms) = postSolution
		{A33FA447-1B86-B451-A727-81318CC7D1EC}.Debug|Any CPU.ActiveCfg = Debug|Any CPU
		{A33FA447-1B86-B451-A727-81318CC7D1EC}.Debug|Any CPU.Build.0 = Debug|Any CPU
		{A33FA447-1B86-B451-A727-81318CC7D1EC}.Release|Any CPU.ActiveCfg = Release|Any CPU
		{A33FA447-1B86-B451-A727-81318CC7D1EC}.Release|Any CPU.Build.0 = Release|Any CPU
	EndGlobalSection
	GlobalSection(SolutionProperties) = preSolution
		HideSolutionNode = FALSE
	EndGlobalSection
	GlobalSection(ExtensibilityGlobals) = postSolution
		SolutionGuid = {E6C841F7-C266-4674-81B8-E370EC8282EB}
	EndGlobalSection
EndGlobal
